
Microsoft Visual Studio Solution File, Format Version 12.00
# Visual Studio Version 17
VisualStudioVersion = 17.0.32126.317
MinimumVisualStudioVersion = 10.0.40219.1
Project("{9A19103F-16F7-4668-BE54-9A1E7A4F7556}") = "ProcessTracker", "ProcessTracker\ProcessTracker.csproj", "{D8DE408E-D8EA-40AF-9DCC-41D2333E2541}"
EndProject
Project("{FAE04EC0-301F-11D3-BF4B-00C04F79EFBC}") = "ProcessTrackerService", "ProcessTrackerService\ProcessTrackerService.csproj", "{34D53958-CBC7-4FD8-8ACD-68AFB212BB9F}"
EndProject
Project("{9A19103F-16F7-4668-BE54-9A1E7A4F7556}") = "AspWindowsService", "AspWindowsService\AspWindowsService.csproj", "{9D4AF89D-973C-451E-9677-25E3F5FA3CF7}"
EndProject
Project("{9A19103F-16F7-4668-BE54-9A1E7A4F7556}") = "WmiProcessTracker", "WmiProcessTracker\WmiProcessTracker.csproj", "{8B1559CD-66C7-4D73-9BB1-E69C76D22920}"
EndProject
Project("{FAE04EC0-301F-11D3-BF4B-00C04F79EFBC}") = "ConsoleTest", "ConsoleTest\ConsoleTest.csproj", "{E7F07138-B380-4E98-AE0B-FD63C6E903C6}"
EndProject
Global
	GlobalSection(SolutionConfigurationPlatforms) = preSolution
		Debug|Any CPU = Debug|Any CPU
		Release|Any CPU = Release|Any CPU
	EndGlobalSection
	GlobalSection(ProjectConfigurationPlatforms) = postSolution
		{D8DE408E-D8EA-40AF-9DCC-41D2333E2541}.Debug|Any CPU.ActiveCfg = Debug|Any CPU
		{D8DE408E-D8EA-40AF-9DCC-41D2333E2541}.Debug|Any CPU.Build.0 = Debug|Any CPU
		{D8DE408E-D8EA-40AF-9DCC-41D2333E2541}.Release|Any CPU.ActiveCfg = Release|Any CPU
		{D8DE408E-D8EA-40AF-9DCC-41D2333E2541}.Release|Any CPU.Build.0 = Release|Any CPU
		{34D53958-CBC7-4FD8-8ACD-68AFB212BB9F}.Debug|Any CPU.ActiveCfg = Debug|Any CPU
		{34D53958-CBC7-4FD8-8ACD-68AFB212BB9F}.Debug|Any CPU.Build.0 = Debug|Any CPU
		{34D53958-CBC7-4FD8-8ACD-68AFB212BB9F}.Release|Any CPU.ActiveCfg = Release|Any CPU
		{34D53958-CBC7-4FD8-8ACD-68AFB212BB9F}.Release|Any CPU.Build.0 = Release|Any CPU
		{9D4AF89D-973C-451E-9677-25E3F5FA3CF7}.Debug|Any CPU.ActiveCfg = Debug|Any CPU
		{9D4AF89D-973C-451E-9677-25E3F5FA3CF7}.Debug|Any CPU.Build.0 = Debug|Any CPU
		{9D4AF89D-973C-451E-9677-25E3F5FA3CF7}.Release|Any CPU.ActiveCfg = Release|Any CPU
		{9D4AF89D-973C-451E-9677-25E3F5FA3CF7}.Release|Any CPU.Build.0 = Release|Any CPU
		{8B1559CD-66C7-4D73-9BB1-E69C76D22920}.Debug|Any CPU.ActiveCfg = Debug|Any CPU
		{8B1559CD-66C7-4D73-9BB1-E69C76D22920}.Debug|Any CPU.Build.0 = Debug|Any CPU
		{8B1559CD-66C7-4D73-9BB1-E69C76D22920}.Release|Any CPU.ActiveCfg = Release|Any CPU
		{8B1559CD-66C7-4D73-9BB1-E69C76D22920}.Release|Any CPU.Build.0 = Release|Any CPU
		{E7F07138-B380-4E98-AE0B-FD63C6E903C6}.Debug|Any CPU.ActiveCfg = Debug|Any CPU
		{E7F07138-B380-4E98-AE0B-FD63C6E903C6}.Debug|Any CPU.Build.0 = Debug|Any CPU
		{E7F07138-B380-4E98-AE0B-FD63C6E903C6}.Release|Any CPU.ActiveCfg = Release|Any CPU
		{E7F07138-B380-4E98-AE0B-FD63C6E903C6}.Release|Any CPU.Build.0 = Release|Any CPU
	EndGlobalSection
	GlobalSection(SolutionProperties) = preSolution
		HideSolutionNode = FALSE
	EndGlobalSection
	GlobalSection(ExtensibilityGlobals) = postSolution
		SolutionGuid = {B1835F76-1111-452F-A1CB-1C3E1B353D94}
	EndGlobalSection
EndGlobal
